// !$*UTF8*$!
{
	archiveVersion = 1;
	classes = {
	};
	objectVersion = 48;
	objects = {

/* Begin PBXBuildFile section */
		3A1482612017424C000F001D /* ManualISBNViewController.swift in Sources */ = {isa = PBXBuildFile; fileRef = 3A1482602017424C000F001D /* ManualISBNViewController.swift */; };
		3A5AA28B20863CF200037394 /* uidQRViewController.swift in Sources */ = {isa = PBXBuildFile; fileRef = 3A5AA28A20863CF100037394 /* uidQRViewController.swift */; };
		3A6A502220038F920041DA8A /* AppDelegate.swift in Sources */ = {isa = PBXBuildFile; fileRef = 3A6A502120038F920041DA8A /* AppDelegate.swift */; };
		3A6A502420038F920041DA8A /* ViewController.swift in Sources */ = {isa = PBXBuildFile; fileRef = 3A6A502320038F920041DA8A /* ViewController.swift */; };
		3A6A502720038F920041DA8A /* Main.storyboard in Resources */ = {isa = PBXBuildFile; fileRef = 3A6A502520038F920041DA8A /* Main.storyboard */; };
		3A6A502920038F920041DA8A /* Assets.xcassets in Resources */ = {isa = PBXBuildFile; fileRef = 3A6A502820038F920041DA8A /* Assets.xcassets */; };
		3A6A502C20038F920041DA8A /* LaunchScreen.storyboard in Resources */ = {isa = PBXBuildFile; fileRef = 3A6A502A20038F920041DA8A /* LaunchScreen.storyboard */; };
		3A6A503720038F920041DA8A /* MyPersonalBookShelfTests.swift in Sources */ = {isa = PBXBuildFile; fileRef = 3A6A503620038F920041DA8A /* MyPersonalBookShelfTests.swift */; };
		3A6A50422006173F0041DA8A /* BooksTableViewCell.swift in Sources */ = {isa = PBXBuildFile; fileRef = 3A6A50412006173F0041DA8A /* BooksTableViewCell.swift */; };
		3A6A5044200619B80041DA8A /* RatingControl.swift in Sources */ = {isa = PBXBuildFile; fileRef = 3A6A5043200619B80041DA8A /* RatingControl.swift */; };
		3A711287202C5AF6003EA829 /* GoogleBook.swift in Sources */ = {isa = PBXBuildFile; fileRef = 3A711286202C5AF6003EA829 /* GoogleBook.swift */; };
		3A7112892046C194003EA829 /* SearchResultTableViewController.swift in Sources */ = {isa = PBXBuildFile; fileRef = 3A7112882046C194003EA829 /* SearchResultTableViewController.swift */; };
		3A71128B20480BB1003EA829 /* SearchResultTableViewCell.swift in Sources */ = {isa = PBXBuildFile; fileRef = 3A71128A20480BB1003EA829 /* SearchResultTableViewCell.swift */; };
		3A8C059D2007623C00985FC2 /* ManualInputViewController.swift in Sources */ = {isa = PBXBuildFile; fileRef = 3A8C059C2007623C00985FC2 /* ManualInputViewController.swift */; };
		3A8C059F20109E8B00985FC2 /* BarcodeScannerViewController.swift in Sources */ = {isa = PBXBuildFile; fileRef = 3A8C059E20109E8B00985FC2 /* BarcodeScannerViewController.swift */; };
		3AA310D12006666E00F9F9D7 /* Books.swift in Sources */ = {isa = PBXBuildFile; fileRef = 3AA310D02006666E00F9F9D7 /* Books.swift */; };
		3AA310D32006689C00F9F9D7 /* BooksTableViewController.swift in Sources */ = {isa = PBXBuildFile; fileRef = 3AA310D22006689C00F9F9D7 /* BooksTableViewController.swift */; };
		3AAA791C70831E08C015B0FC /* Pods_MyPersonalBookShelf.framework in Frameworks */ = {isa = PBXBuildFile; fileRef = D021E9E745EBBEEA08ED85A0 /* Pods_MyPersonalBookShelf.framework */; };
		82275DF73C5BF86450327BE0 /* Pods_MyPersonalBookShelfTests.framework in Frameworks */ = {isa = PBXBuildFile; fileRef = 98C30163D5D5CEC60C7B1DE4 /* Pods_MyPersonalBookShelfTests.framework */; };
		E930D8B02085464E00C4A488 /* QRScannerViewController.swift in Sources */ = {isa = PBXBuildFile; fileRef = E930D8AF2085464E00C4A488 /* QRScannerViewController.swift */; };
		E9433DFF206D36970092A641 /* BorrowTableViewController.swift in Sources */ = {isa = PBXBuildFile; fileRef = E9433DFE206D36970092A641 /* BorrowTableViewController.swift */; };
		E950AE3620713BC9007E63A7 /* user.swift in Sources */ = {isa = PBXBuildFile; fileRef = E950AE3520713BC9007E63A7 /* user.swift */; };
		E950AE3820718CEA007E63A7 /* FdsTableViewController.swift in Sources */ = {isa = PBXBuildFile; fileRef = E950AE3720718CEA007E63A7 /* FdsTableViewController.swift */; };
		E950AE3A20723AEE007E63A7 /* FdsTableViewCell.swift in Sources */ = {isa = PBXBuildFile; fileRef = E950AE3920723AEE007E63A7 /* FdsTableViewCell.swift */; };
		E950AE3C20743ADB007E63A7 /* QRViewController.swift in Sources */ = {isa = PBXBuildFile; fileRef = E950AE3B20743ADB007E63A7 /* QRViewController.swift */; };
		E978023220843F690021E83B /* profileViewController.swift in Sources */ = {isa = PBXBuildFile; fileRef = E978023120843F690021E83B /* profileViewController.swift */; };
		E9F07355208286CE0023A04D /* RecommendTableViewController.swift in Sources */ = {isa = PBXBuildFile; fileRef = E9F07354208286CE0023A04D /* RecommendTableViewController.swift */; };
		E9F073572082B0C60023A04D /* GoogleService-Info.plist in Resources */ = {isa = PBXBuildFile; fileRef = E9F073562082B0C60023A04D /* GoogleService-Info.plist */; };
/* End PBXBuildFile section */

/* Begin PBXContainerItemProxy section */
		3A6A503320038F920041DA8A /* PBXContainerItemProxy */ = {
			isa = PBXContainerItemProxy;
			containerPortal = 3A6A501620038F920041DA8A /* Project object */;
			proxyType = 1;
			remoteGlobalIDString = 3A6A501D20038F920041DA8A;
			remoteInfo = MyPersonalBookShelf;
		};
/* End PBXContainerItemProxy section */

/* Begin PBXFileReference section */
		0C754AACADFDCE61F4A2EDBB /* Pods-MyPersonalBookShelfTests.debug.xcconfig */ = {isa = PBXFileReference; includeInIndex = 1; lastKnownFileType = text.xcconfig; name = "Pods-MyPersonalBookShelfTests.debug.xcconfig"; path = "Pods/Target Support Files/Pods-MyPersonalBookShelfTests/Pods-MyPersonalBookShelfTests.debug.xcconfig"; sourceTree = "<group>"; };
		1BAF54D277FAD42C4735AB47 /* Pods-MyPersonalBookShelfTests.release.xcconfig */ = {isa = PBXFileReference; includeInIndex = 1; lastKnownFileType = text.xcconfig; name = "Pods-MyPersonalBookShelfTests.release.xcconfig"; path = "Pods/Target Support Files/Pods-MyPersonalBookShelfTests/Pods-MyPersonalBookShelfTests.release.xcconfig"; sourceTree = "<group>"; };
		3A1482602017424C000F001D /* ManualISBNViewController.swift */ = {isa = PBXFileReference; lastKnownFileType = sourcecode.swift; path = ManualISBNViewController.swift; sourceTree = "<group>"; };
		3A5AA28A20863CF100037394 /* uidQRViewController.swift */ = {isa = PBXFileReference; lastKnownFileType = sourcecode.swift; path = uidQRViewController.swift; sourceTree = "<group>"; };
		3A6A501E20038F920041DA8A /* MyPersonalBookShelf.app */ = {isa = PBXFileReference; explicitFileType = wrapper.application; includeInIndex = 0; path = MyPersonalBookShelf.app; sourceTree = BUILT_PRODUCTS_DIR; };
		3A6A502120038F920041DA8A /* AppDelegate.swift */ = {isa = PBXFileReference; lastKnownFileType = sourcecode.swift; path = AppDelegate.swift; sourceTree = "<group>"; };
		3A6A502320038F920041DA8A /* ViewController.swift */ = {isa = PBXFileReference; lastKnownFileType = sourcecode.swift; path = ViewController.swift; sourceTree = "<group>"; };
		3A6A502620038F920041DA8A /* Base */ = {isa = PBXFileReference; lastKnownFileType = file.storyboard; name = Base; path = Base.lproj/Main.storyboard; sourceTree = "<group>"; };
		3A6A502820038F920041DA8A /* Assets.xcassets */ = {isa = PBXFileReference; lastKnownFileType = folder.assetcatalog; path = Assets.xcassets; sourceTree = "<group>"; };
		3A6A502B20038F920041DA8A /* Base */ = {isa = PBXFileReference; lastKnownFileType = file.storyboard; name = Base; path = Base.lproj/LaunchScreen.storyboard; sourceTree = "<group>"; };
		3A6A502D20038F920041DA8A /* Info.plist */ = {isa = PBXFileReference; lastKnownFileType = text.plist.xml; path = Info.plist; sourceTree = "<group>"; };
		3A6A503220038F920041DA8A /* MyPersonalBookShelfTests.xctest */ = {isa = PBXFileReference; explicitFileType = wrapper.cfbundle; includeInIndex = 0; path = MyPersonalBookShelfTests.xctest; sourceTree = BUILT_PRODUCTS_DIR; };
		3A6A503620038F920041DA8A /* MyPersonalBookShelfTests.swift */ = {isa = PBXFileReference; lastKnownFileType = sourcecode.swift; path = MyPersonalBookShelfTests.swift; sourceTree = "<group>"; };
		3A6A503820038F920041DA8A /* Info.plist */ = {isa = PBXFileReference; lastKnownFileType = text.plist.xml; path = Info.plist; sourceTree = "<group>"; };
		3A6A50412006173F0041DA8A /* BooksTableViewCell.swift */ = {isa = PBXFileReference; lastKnownFileType = sourcecode.swift; path = BooksTableViewCell.swift; sourceTree = "<group>"; };
		3A6A5043200619B80041DA8A /* RatingControl.swift */ = {isa = PBXFileReference; lastKnownFileType = sourcecode.swift; path = RatingControl.swift; sourceTree = "<group>"; };
		3A711286202C5AF6003EA829 /* GoogleBook.swift */ = {isa = PBXFileReference; lastKnownFileType = sourcecode.swift; path = GoogleBook.swift; sourceTree = "<group>"; };
		3A7112882046C194003EA829 /* SearchResultTableViewController.swift */ = {isa = PBXFileReference; lastKnownFileType = sourcecode.swift; path = SearchResultTableViewController.swift; sourceTree = "<group>"; };
		3A71128A20480BB1003EA829 /* SearchResultTableViewCell.swift */ = {isa = PBXFileReference; lastKnownFileType = sourcecode.swift; path = SearchResultTableViewCell.swift; sourceTree = "<group>"; };
		3A8C059C2007623C00985FC2 /* ManualInputViewController.swift */ = {isa = PBXFileReference; lastKnownFileType = sourcecode.swift; path = ManualInputViewController.swift; sourceTree = "<group>"; };
		3A8C059E20109E8B00985FC2 /* BarcodeScannerViewController.swift */ = {isa = PBXFileReference; lastKnownFileType = sourcecode.swift; path = BarcodeScannerViewController.swift; sourceTree = "<group>"; };
		3AA310D02006666E00F9F9D7 /* Books.swift */ = {isa = PBXFileReference; lastKnownFileType = sourcecode.swift; path = Books.swift; sourceTree = "<group>"; };
		3AA310D22006689C00F9F9D7 /* BooksTableViewController.swift */ = {isa = PBXFileReference; lastKnownFileType = sourcecode.swift; path = BooksTableViewController.swift; sourceTree = "<group>"; };
		7D77371CBD95903D7D673D80 /* Pods-MyPersonalBookShelf.release.xcconfig */ = {isa = PBXFileReference; includeInIndex = 1; lastKnownFileType = text.xcconfig; name = "Pods-MyPersonalBookShelf.release.xcconfig"; path = "Pods/Target Support Files/Pods-MyPersonalBookShelf/Pods-MyPersonalBookShelf.release.xcconfig"; sourceTree = "<group>"; };
		98C30163D5D5CEC60C7B1DE4 /* Pods_MyPersonalBookShelfTests.framework */ = {isa = PBXFileReference; explicitFileType = wrapper.framework; includeInIndex = 0; path = Pods_MyPersonalBookShelfTests.framework; sourceTree = BUILT_PRODUCTS_DIR; };
		C7BA1C471D5442E77501BD7D /* Pods-MyPersonalBookShelf.debug.xcconfig */ = {isa = PBXFileReference; includeInIndex = 1; lastKnownFileType = text.xcconfig; name = "Pods-MyPersonalBookShelf.debug.xcconfig"; path = "Pods/Target Support Files/Pods-MyPersonalBookShelf/Pods-MyPersonalBookShelf.debug.xcconfig"; sourceTree = "<group>"; };
		D021E9E745EBBEEA08ED85A0 /* Pods_MyPersonalBookShelf.framework */ = {isa = PBXFileReference; explicitFileType = wrapper.framework; includeInIndex = 0; path = Pods_MyPersonalBookShelf.framework; sourceTree = BUILT_PRODUCTS_DIR; };
		E930D8AF2085464E00C4A488 /* QRScannerViewController.swift */ = {isa = PBXFileReference; lastKnownFileType = sourcecode.swift; path = QRScannerViewController.swift; sourceTree = "<group>"; };
		E9433DFE206D36970092A641 /* BorrowTableViewController.swift */ = {isa = PBXFileReference; lastKnownFileType = sourcecode.swift; path = BorrowTableViewController.swift; sourceTree = "<group>"; };
		E950AE3520713BC9007E63A7 /* user.swift */ = {isa = PBXFileReference; lastKnownFileType = sourcecode.swift; path = user.swift; sourceTree = "<group>"; };
		E950AE3720718CEA007E63A7 /* FdsTableViewController.swift */ = {isa = PBXFileReference; lastKnownFileType = sourcecode.swift; path = FdsTableViewController.swift; sourceTree = "<group>"; };
		E950AE3920723AEE007E63A7 /* FdsTableViewCell.swift */ = {isa = PBXFileReference; lastKnownFileType = sourcecode.swift; path = FdsTableViewCell.swift; sourceTree = "<group>"; };
		E950AE3B20743ADB007E63A7 /* QRViewController.swift */ = {isa = PBXFileReference; lastKnownFileType = sourcecode.swift; path = QRViewController.swift; sourceTree = "<group>"; };
		E978023120843F690021E83B /* profileViewController.swift */ = {isa = PBXFileReference; lastKnownFileType = sourcecode.swift; path = profileViewController.swift; sourceTree = "<group>"; };
		E9F07354208286CE0023A04D /* RecommendTableViewController.swift */ = {isa = PBXFileReference; lastKnownFileType = sourcecode.swift; path = RecommendTableViewController.swift; sourceTree = "<group>"; };
		E9F073562082B0C60023A04D /* GoogleService-Info.plist */ = {isa = PBXFileReference; fileEncoding = 4; lastKnownFileType = text.plist.xml; path = "GoogleService-Info.plist"; sourceTree = "<group>"; };
/* End PBXFileReference section */

/* Begin PBXFrameworksBuildPhase section */
		3A6A501B20038F920041DA8A /* Frameworks */ = {
			isa = PBXFrameworksBuildPhase;
			buildActionMask = 2147483647;
			files = (
				3AAA791C70831E08C015B0FC /* Pods_MyPersonalBookShelf.framework in Frameworks */,
			);
			runOnlyForDeploymentPostprocessing = 0;
		};
		3A6A502F20038F920041DA8A /* Frameworks */ = {
			isa = PBXFrameworksBuildPhase;
			buildActionMask = 2147483647;
			files = (
				82275DF73C5BF86450327BE0 /* Pods_MyPersonalBookShelfTests.framework in Frameworks */,
			);
			runOnlyForDeploymentPostprocessing = 0;
		};
/* End PBXFrameworksBuildPhase section */

/* Begin PBXGroup section */
		1C2E4069AA160315297E4258 /* Pods */ = {
			isa = PBXGroup;
			children = (
				C7BA1C471D5442E77501BD7D /* Pods-MyPersonalBookShelf.debug.xcconfig */,
				7D77371CBD95903D7D673D80 /* Pods-MyPersonalBookShelf.release.xcconfig */,
				0C754AACADFDCE61F4A2EDBB /* Pods-MyPersonalBookShelfTests.debug.xcconfig */,
				1BAF54D277FAD42C4735AB47 /* Pods-MyPersonalBookShelfTests.release.xcconfig */,
			);
			name = Pods;
			sourceTree = "<group>";
		};
		3A6A501520038F920041DA8A = {
			isa = PBXGroup;
			children = (
				3A6A502020038F920041DA8A /* MyPersonalBookShelf */,
				3A6A503520038F920041DA8A /* MyPersonalBookShelfTests */,
				3A6A501F20038F920041DA8A /* Products */,
				1C2E4069AA160315297E4258 /* Pods */,
				86BEA8B89FB5784D5E984B09 /* Frameworks */,
			);
			sourceTree = "<group>";
		};
		3A6A501F20038F920041DA8A /* Products */ = {
			isa = PBXGroup;
			children = (
				3A6A501E20038F920041DA8A /* MyPersonalBookShelf.app */,
				3A6A503220038F920041DA8A /* MyPersonalBookShelfTests.xctest */,
			);
			name = Products;
			sourceTree = "<group>";
		};
		3A6A502020038F920041DA8A /* MyPersonalBookShelf */ = {
			isa = PBXGroup;
			children = (
				3A6A502120038F920041DA8A /* AppDelegate.swift */,
				3A6A502320038F920041DA8A /* ViewController.swift */,
				3A6A5043200619B80041DA8A /* RatingControl.swift */,
				E9F073562082B0C60023A04D /* GoogleService-Info.plist */,
				3A6A50412006173F0041DA8A /* BooksTableViewCell.swift */,
				3AA310D22006689C00F9F9D7 /* BooksTableViewController.swift */,
				3A6A502520038F920041DA8A /* Main.storyboard */,
				3A5AA28A20863CF100037394 /* uidQRViewController.swift */,
				E9F07354208286CE0023A04D /* RecommendTableViewController.swift */,
				E950AE3B20743ADB007E63A7 /* QRViewController.swift */,
				E930D8AF2085464E00C4A488 /* QRScannerViewController.swift */,
				E950AE3720718CEA007E63A7 /* FdsTableViewController.swift */,
				E978023120843F690021E83B /* profileViewController.swift */,
				E950AE3920723AEE007E63A7 /* FdsTableViewCell.swift */,
				E9433DFE206D36970092A641 /* BorrowTableViewController.swift */,
				E950AE3520713BC9007E63A7 /* user.swift */,
				3A7112882046C194003EA829 /* SearchResultTableViewController.swift */,
				3A71128A20480BB1003EA829 /* SearchResultTableViewCell.swift */,
				3A1482602017424C000F001D /* ManualISBNViewController.swift */,
				3A8C059E20109E8B00985FC2 /* BarcodeScannerViewController.swift */,
				3A8C059C2007623C00985FC2 /* ManualInputViewController.swift */,
				3AA310D02006666E00F9F9D7 /* Books.swift */,
				3A711286202C5AF6003EA829 /* GoogleBook.swift */,
				3A6A502820038F920041DA8A /* Assets.xcassets */,
				3A6A502A20038F920041DA8A /* LaunchScreen.storyboard */,
				3A6A502D20038F920041DA8A /* Info.plist */,
			);
			path = MyPersonalBookShelf;
			sourceTree = "<group>";
		};
		3A6A503520038F920041DA8A /* MyPersonalBookShelfTests */ = {
			isa = PBXGroup;
			children = (
				3A6A503620038F920041DA8A /* MyPersonalBookShelfTests.swift */,
				3A6A503820038F920041DA8A /* Info.plist */,
			);
			path = MyPersonalBookShelfTests;
			sourceTree = "<group>";
		};
		86BEA8B89FB5784D5E984B09 /* Frameworks */ = {
			isa = PBXGroup;
			children = (
				D021E9E745EBBEEA08ED85A0 /* Pods_MyPersonalBookShelf.framework */,
				98C30163D5D5CEC60C7B1DE4 /* Pods_MyPersonalBookShelfTests.framework */,
			);
			name = Frameworks;
			sourceTree = "<group>";
		};
/* End PBXGroup section */

/* Begin PBXNativeTarget section */
		3A6A501D20038F920041DA8A /* MyPersonalBookShelf */ = {
			isa = PBXNativeTarget;
			buildConfigurationList = 3A6A503B20038F920041DA8A /* Build configuration list for PBXNativeTarget "MyPersonalBookShelf" */;
			buildPhases = (
				296B156F456AD840B8040823 /* [CP] Check Pods Manifest.lock */,
				3A6A501A20038F920041DA8A /* Sources */,
				3A6A501B20038F920041DA8A /* Frameworks */,
				3A6A501C20038F920041DA8A /* Resources */,
				2DFE142554D8C7CDA3E930A4 /* [CP] Embed Pods Frameworks */,
			);
			buildRules = (
			);
			dependencies = (
			);
			name = MyPersonalBookShelf;
			productName = MyPersonalBookShelf;
			productReference = 3A6A501E20038F920041DA8A /* MyPersonalBookShelf.app */;
			productType = "com.apple.product-type.application";
		};
		3A6A503120038F920041DA8A /* MyPersonalBookShelfTests */ = {
			isa = PBXNativeTarget;
			buildConfigurationList = 3A6A503E20038F920041DA8A /* Build configuration list for PBXNativeTarget "MyPersonalBookShelfTests" */;
			buildPhases = (
				D06EC50FDEF76A338A3BB68D /* [CP] Check Pods Manifest.lock */,
				3A6A502E20038F920041DA8A /* Sources */,
				3A6A502F20038F920041DA8A /* Frameworks */,
				3A6A503020038F920041DA8A /* Resources */,
			);
			buildRules = (
			);
			dependencies = (
				3A6A503420038F920041DA8A /* PBXTargetDependency */,
			);
			name = MyPersonalBookShelfTests;
			productName = MyPersonalBookShelfTests;
			productReference = 3A6A503220038F920041DA8A /* MyPersonalBookShelfTests.xctest */;
			productType = "com.apple.product-type.bundle.unit-test";
		};
/* End PBXNativeTarget section */

/* Begin PBXProject section */
		3A6A501620038F920041DA8A /* Project object */ = {
			isa = PBXProject;
			attributes = {
				LastSwiftUpdateCheck = 0920;
				LastUpgradeCheck = 0920;
				ORGANIZATIONNAME = FYP;
				TargetAttributes = {
					3A6A501D20038F920041DA8A = {
						CreatedOnToolsVersion = 9.2;
						ProvisioningStyle = Automatic;
					};
					3A6A503120038F920041DA8A = {
						CreatedOnToolsVersion = 9.2;
						ProvisioningStyle = Automatic;
						TestTargetID = 3A6A501D20038F920041DA8A;
					};
				};
			};
			buildConfigurationList = 3A6A501920038F920041DA8A /* Build configuration list for PBXProject "MyPersonalBookShelf" */;
			compatibilityVersion = "Xcode 8.0";
			developmentRegion = en;
			hasScannedForEncodings = 0;
			knownRegions = (
				en,
				Base,
			);
			mainGroup = 3A6A501520038F920041DA8A;
			productRefGroup = 3A6A501F20038F920041DA8A /* Products */;
			projectDirPath = "";
			projectRoot = "";
			targets = (
				3A6A501D20038F920041DA8A /* MyPersonalBookShelf */,
				3A6A503120038F920041DA8A /* MyPersonalBookShelfTests */,
			);
		};
/* End PBXProject section */

/* Begin PBXResourcesBuildPhase section */
		3A6A501C20038F920041DA8A /* Resources */ = {
			isa = PBXResourcesBuildPhase;
			buildActionMask = 2147483647;
			files = (
				3A6A502C20038F920041DA8A /* LaunchScreen.storyboard in Resources */,
				E9F073572082B0C60023A04D /* GoogleService-Info.plist in Resources */,
				3A6A502920038F920041DA8A /* Assets.xcassets in Resources */,
				3A6A502720038F920041DA8A /* Main.storyboard in Resources */,
			);
			runOnlyForDeploymentPostprocessing = 0;
		};
		3A6A503020038F920041DA8A /* Resources */ = {
			isa = PBXResourcesBuildPhase;
			buildActionMask = 2147483647;
			files = (
			);
			runOnlyForDeploymentPostprocessing = 0;
		};
/* End PBXResourcesBuildPhase section */

/* Begin PBXShellScriptBuildPhase section */
		296B156F456AD840B8040823 /* [CP] Check Pods Manifest.lock */ = {
			isa = PBXShellScriptBuildPhase;
			buildActionMask = 2147483647;
			files = (
			);
			inputPaths = (
				"${PODS_PODFILE_DIR_PATH}/Podfile.lock",
				"${PODS_ROOT}/Manifest.lock",
			);
			name = "[CP] Check Pods Manifest.lock";
			outputPaths = (
				"$(DERIVED_FILE_DIR)/Pods-MyPersonalBookShelf-checkManifestLockResult.txt",
			);
			runOnlyForDeploymentPostprocessing = 0;
			shellPath = /bin/sh;
			shellScript = "diff \"${PODS_PODFILE_DIR_PATH}/Podfile.lock\" \"${PODS_ROOT}/Manifest.lock\" > /dev/null\nif [ $? != 0 ] ; then\n    # print error to STDERR\n    echo \"error: The sandbox is not in sync with the Podfile.lock. Run 'pod install' or update your CocoaPods installation.\" >&2\n    exit 1\nfi\n# This output is used by Xcode 'outputs' to avoid re-running this script phase.\necho \"SUCCESS\" > \"${SCRIPT_OUTPUT_FILE_0}\"\n";
			showEnvVarsInLog = 0;
		};
		2DFE142554D8C7CDA3E930A4 /* [CP] Embed Pods Frameworks */ = {
			isa = PBXShellScriptBuildPhase;
			buildActionMask = 2147483647;
			files = (
			);
			inputPaths = (
				"${SRCROOT}/Pods/Target Support Files/Pods-MyPersonalBookShelf/Pods-MyPersonalBookShelf-frameworks.sh",
				"${BUILT_PRODUCTS_DIR}/BoringSSL/openssl.framework",
				"${BUILT_PRODUCTS_DIR}/GTMSessionFetcher/GTMSessionFetcher.framework",
				"${BUILT_PRODUCTS_DIR}/GoogleToolboxForMac/GoogleToolboxForMac.framework",
				"${BUILT_PRODUCTS_DIR}/Protobuf/Protobuf.framework",
				"${BUILT_PRODUCTS_DIR}/gRPC/GRPCClient.framework",
				"${BUILT_PRODUCTS_DIR}/gRPC-Core/grpc.framework",
				"${BUILT_PRODUCTS_DIR}/gRPC-ProtoRPC/ProtoRPC.framework",
				"${BUILT_PRODUCTS_DIR}/gRPC-RxLibrary/RxLibrary.framework",
				"${BUILT_PRODUCTS_DIR}/leveldb-library/leveldb.framework",
				"${BUILT_PRODUCTS_DIR}/nanopb/nanopb.framework",
			);
			name = "[CP] Embed Pods Frameworks";
			outputPaths = (
				"${TARGET_BUILD_DIR}/${FRAMEWORKS_FOLDER_PATH}/openssl.framework",
				"${TARGET_BUILD_DIR}/${FRAMEWORKS_FOLDER_PATH}/GTMSessionFetcher.framework",
				"${TARGET_BUILD_DIR}/${FRAMEWORKS_FOLDER_PATH}/GoogleToolboxForMac.framework",
				"${TARGET_BUILD_DIR}/${FRAMEWORKS_FOLDER_PATH}/Protobuf.framework",
				"${TARGET_BUILD_DIR}/${FRAMEWORKS_FOLDER_PATH}/GRPCClient.framework",
				"${TARGET_BUILD_DIR}/${FRAMEWORKS_FOLDER_PATH}/grpc.framework",
				"${TARGET_BUILD_DIR}/${FRAMEWORKS_FOLDER_PATH}/ProtoRPC.framework",
				"${TARGET_BUILD_DIR}/${FRAMEWORKS_FOLDER_PATH}/RxLibrary.framework",
				"${TARGET_BUILD_DIR}/${FRAMEWORKS_FOLDER_PATH}/leveldb.framework",
				"${TARGET_BUILD_DIR}/${FRAMEWORKS_FOLDER_PATH}/nanopb.framework",
			);
			runOnlyForDeploymentPostprocessing = 0;
			shellPath = /bin/sh;
			shellScript = "\"${SRCROOT}/Pods/Target Support Files/Pods-MyPersonalBookShelf/Pods-MyPersonalBookShelf-frameworks.sh\"\n";
			showEnvVarsInLog = 0;
		};
		D06EC50FDEF76A338A3BB68D /* [CP] Check Pods Manifest.lock */ = {
			isa = PBXShellScriptBuildPhase;
			buildActionMask = 2147483647;
			files = (
			);
			inputPaths = (
				"${PODS_PODFILE_DIR_PATH}/Podfile.lock",
				"${PODS_ROOT}/Manifest.lock",
			);
			name = "[CP] Check Pods Manifest.lock";
			outputPaths = (
				"$(DERIVED_FILE_DIR)/Pods-MyPersonalBookShelfTests-checkManifestLockResult.txt",
			);
			runOnlyForDeploymentPostprocessing = 0;
			shellPath = /bin/sh;
			shellScript = "diff \"${PODS_PODFILE_DIR_PATH}/Podfile.lock\" \"${PODS_ROOT}/Manifest.lock\" > /dev/null\nif [ $? != 0 ] ; then\n    # print error to STDERR\n    echo \"error: The sandbox is not in sync with the Podfile.lock. Run 'pod install' or update your CocoaPods installation.\" >&2\n    exit 1\nfi\n# This output is used by Xcode 'outputs' to avoid re-running this script phase.\necho \"SUCCESS\" > \"${SCRIPT_OUTPUT_FILE_0}\"\n";
			showEnvVarsInLog = 0;
		};
/* End PBXShellScriptBuildPhase section */

/* Begin PBXSourcesBuildPhase section */
		3A6A501A20038F920041DA8A /* Sources */ = {
			isa = PBXSourcesBuildPhase;
			buildActionMask = 2147483647;
			files = (
				E930D8B02085464E00C4A488 /* QRScannerViewController.swift in Sources */,
				E978023220843F690021E83B /* profileViewController.swift in Sources */,
				E9433DFF206D36970092A641 /* BorrowTableViewController.swift in Sources */,
				E950AE3A20723AEE007E63A7 /* FdsTableViewCell.swift in Sources */,
				E950AE3C20743ADB007E63A7 /* QRViewController.swift in Sources */,
				3A6A5044200619B80041DA8A /* RatingControl.swift in Sources */,
				3A1482612017424C000F001D /* ManualISBNViewController.swift in Sources */,
				3A71128B20480BB1003EA829 /* SearchResultTableViewCell.swift in Sources */,
				E9F07355208286CE0023A04D /* RecommendTableViewController.swift in Sources */,
				E950AE3620713BC9007E63A7 /* user.swift in Sources */,
				3A6A50422006173F0041DA8A /* BooksTableViewCell.swift in Sources */,
				3AA310D32006689C00F9F9D7 /* BooksTableViewController.swift in Sources */,
				3A6A502420038F920041DA8A /* ViewController.swift in Sources */,
				3A5AA28B20863CF200037394 /* uidQRViewController.swift in Sources */,
				3A8C059D2007623C00985FC2 /* ManualInputViewController.swift in Sources */,
				3A6A502220038F920041DA8A /* AppDelegate.swift in Sources */,
				3A711287202C5AF6003EA829 /* GoogleBook.swift in Sources */,
				3A7112892046C194003EA829 /* SearchResultTableViewController.swift in Sources */,
				3A8C059F20109E8B00985FC2 /* BarcodeScannerViewController.swift in Sources */,
				E950AE3820718CEA007E63A7 /* FdsTableViewController.swift in Sources */,
				3AA310D12006666E00F9F9D7 /* Books.swift in Sources */,
			);
			runOnlyForDeploymentPostprocessing = 0;
		};
		3A6A502E20038F920041DA8A /* Sources */ = {
			isa = PBXSourcesBuildPhase;
			buildActionMask = 2147483647;
			files = (
				3A6A503720038F920041DA8A /* MyPersonalBookShelfTests.swift in Sources */,
			);
			runOnlyForDeploymentPostprocessing = 0;
		};
/* End PBXSourcesBuildPhase section */

/* Begin PBXTargetDependency section */
		3A6A503420038F920041DA8A /* PBXTargetDependency */ = {
			isa = PBXTargetDependency;
			target = 3A6A501D20038F920041DA8A /* MyPersonalBookShelf */;
			targetProxy = 3A6A503320038F920041DA8A /* PBXContainerItemProxy */;
		};
/* End PBXTargetDependency section */

/* Begin PBXVariantGroup section */
		3A6A502520038F920041DA8A /* Main.storyboard */ = {
			isa = PBXVariantGroup;
			children = (
				3A6A502620038F920041DA8A /* Base */,
			);
			name = Main.storyboard;
			sourceTree = "<group>";
		};
		3A6A502A20038F920041DA8A /* LaunchScreen.storyboard */ = {
			isa = PBXVariantGroup;
			children = (
				3A6A502B20038F920041DA8A /* Base */,
			);
			name = LaunchScreen.storyboard;
			sourceTree = "<group>";
		};
/* End PBXVariantGroup section */

/* Begin XCBuildConfiguration section */
		3A6A503920038F920041DA8A /* Debug */ = {
			isa = XCBuildConfiguration;
			buildSettings = {
				ALWAYS_SEARCH_USER_PATHS = NO;
				CLANG_ANALYZER_NONNULL = YES;
				CLANG_ANALYZER_NUMBER_OBJECT_CONVERSION = YES_AGGRESSIVE;
				CLANG_CXX_LANGUAGE_STANDARD = "gnu++14";
				CLANG_CXX_LIBRARY = "libc++";
				CLANG_ENABLE_MODULES = YES;
				CLANG_ENABLE_OBJC_ARC = YES;
				CLANG_WARN_BLOCK_CAPTURE_AUTORELEASING = YES;
				CLANG_WARN_BOOL_CONVERSION = YES;
				CLANG_WARN_COMMA = YES;
				CLANG_WARN_CONSTANT_CONVERSION = YES;
				CLANG_WARN_DIRECT_OBJC_ISA_USAGE = YES_ERROR;
				CLANG_WARN_DOCUMENTATION_COMMENTS = YES;
				CLANG_WARN_EMPTY_BODY = YES;
				CLANG_WARN_ENUM_CONVERSION = YES;
				CLANG_WARN_INFINITE_RECURSION = YES;
				CLANG_WARN_INT_CONVERSION = YES;
				CLANG_WARN_NON_LITERAL_NULL_CONVERSION = YES;
				CLANG_WARN_OBJC_LITERAL_CONVERSION = YES;
				CLANG_WARN_OBJC_ROOT_CLASS = YES_ERROR;
				CLANG_WARN_RANGE_LOOP_ANALYSIS = YES;
				CLANG_WARN_STRICT_PROTOTYPES = YES;
				CLANG_WARN_SUSPICIOUS_MOVE = YES;
				CLANG_WARN_UNGUARDED_AVAILABILITY = YES_AGGRESSIVE;
				CLANG_WARN_UNREACHABLE_CODE = YES;
				CLANG_WARN__DUPLICATE_METHOD_MATCH = YES;
				CODE_SIGN_IDENTITY = "iPhone Developer";
				COPY_PHASE_STRIP = NO;
				DEBUG_INFORMATION_FORMAT = dwarf;
				ENABLE_STRICT_OBJC_MSGSEND = YES;
				ENABLE_TESTABILITY = YES;
				GCC_C_LANGUAGE_STANDARD = gnu11;
				GCC_DYNAMIC_NO_PIC = NO;
				GCC_NO_COMMON_BLOCKS = YES;
				GCC_OPTIMIZATION_LEVEL = 0;
				GCC_PREPROCESSOR_DEFINITIONS = (
					"DEBUG=1",
					"$(inherited)",
				);
				GCC_WARN_64_TO_32_BIT_CONVERSION = YES;
				GCC_WARN_ABOUT_RETURN_TYPE = YES_ERROR;
				GCC_WARN_UNDECLARED_SELECTOR = YES;
				GCC_WARN_UNINITIALIZED_AUTOS = YES_AGGRESSIVE;
				GCC_WARN_UNUSED_FUNCTION = YES;
				GCC_WARN_UNUSED_VARIABLE = YES;
				IPHONEOS_DEPLOYMENT_TARGET = 11.2;
				MTL_ENABLE_DEBUG_INFO = YES;
				ONLY_ACTIVE_ARCH = YES;
				SDKROOT = iphoneos;
				SWIFT_ACTIVE_COMPILATION_CONDITIONS = DEBUG;
				SWIFT_OPTIMIZATION_LEVEL = "-Onone";
			};
			name = Debug;
		};
		3A6A503A20038F920041DA8A /* Release */ = {
			isa = XCBuildConfiguration;
			buildSettings = {
				ALWAYS_SEARCH_USER_PATHS = NO;
				CLANG_ANALYZER_NONNULL = YES;
				CLANG_ANALYZER_NUMBER_OBJECT_CONVERSION = YES_AGGRESSIVE;
				CLANG_CXX_LANGUAGE_STANDARD = "gnu++14";
				CLANG_CXX_LIBRARY = "libc++";
				CLANG_ENABLE_MODULES = YES;
				CLANG_ENABLE_OBJC_ARC = YES;
				CLANG_WARN_BLOCK_CAPTURE_AUTORELEASING = YES;
				CLANG_WARN_BOOL_CONVERSION = YES;
				CLANG_WARN_COMMA = YES;
				CLANG_WARN_CONSTANT_CONVERSION = YES;
				CLANG_WARN_DIRECT_OBJC_ISA_USAGE = YES_ERROR;
				CLANG_WARN_DOCUMENTATION_COMMENTS = YES;
				CLANG_WARN_EMPTY_BODY = YES;
				CLANG_WARN_ENUM_CONVERSION = YES;
				CLANG_WARN_INFINITE_RECURSION = YES;
				CLANG_WARN_INT_CONVERSION = YES;
				CLANG_WARN_NON_LITERAL_NULL_CONVERSION = YES;
				CLANG_WARN_OBJC_LITERAL_CONVERSION = YES;
				CLANG_WARN_OBJC_ROOT_CLASS = YES_ERROR;
				CLANG_WARN_RANGE_LOOP_ANALYSIS = YES;
				CLANG_WARN_STRICT_PROTOTYPES = YES;
				CLANG_WARN_SUSPICIOUS_MOVE = YES;
				CLANG_WARN_UNGUARDED_AVAILABILITY = YES_AGGRESSIVE;
				CLANG_WARN_UNREACHABLE_CODE = YES;
				CLANG_WARN__DUPLICATE_METHOD_MATCH = YES;
				CODE_SIGN_IDENTITY = "iPhone Developer";
				COPY_PHASE_STRIP = NO;
				DEBUG_INFORMATION_FORMAT = "dwarf-with-dsym";
				ENABLE_NS_ASSERTIONS = NO;
				ENABLE_STRICT_OBJC_MSGSEND = YES;
				GCC_C_LANGUAGE_STANDARD = gnu11;
				GCC_NO_COMMON_BLOCKS = YES;
				GCC_WARN_64_TO_32_BIT_CONVERSION = YES;
				GCC_WARN_ABOUT_RETURN_TYPE = YES_ERROR;
				GCC_WARN_UNDECLARED_SELECTOR = YES;
				GCC_WARN_UNINITIALIZED_AUTOS = YES_AGGRESSIVE;
				GCC_WARN_UNUSED_FUNCTION = YES;
				GCC_WARN_UNUSED_VARIABLE = YES;
				IPHONEOS_DEPLOYMENT_TARGET = 11.2;
				MTL_ENABLE_DEBUG_INFO = NO;
				SDKROOT = iphoneos;
				SWIFT_OPTIMIZATION_LEVEL = "-Owholemodule";
				VALIDATE_PRODUCT = YES;
			};
			name = Release;
		};
		3A6A503C20038F920041DA8A /* Debug */ = {
			isa = XCBuildConfiguration;
			baseConfigurationReference = C7BA1C471D5442E77501BD7D /* Pods-MyPersonalBookShelf.debug.xcconfig */;
			buildSettings = {
				ASSETCATALOG_COMPILER_APPICON_NAME = AppIcon;
				CODE_SIGN_STYLE = Automatic;
				DEVELOPMENT_TEAM = N9Q6EAW4GG;
				INFOPLIST_FILE = MyPersonalBookShelf/Info.plist;
				IPHONEOS_DEPLOYMENT_TARGET = 10.3;
				LD_RUNPATH_SEARCH_PATHS = "$(inherited) @executable_path/Frameworks";
				PRODUCT_BUNDLE_IDENTIFIER = com.FYP.MyPersonalBookShelf;
				PRODUCT_NAME = "$(TARGET_NAME)";
				SWIFT_VERSION = 4.0;
				TARGETED_DEVICE_FAMILY = "1,2";
			};
			name = Debug;
		};
		3A6A503D20038F920041DA8A /* Release */ = {
			isa = XCBuildConfiguration;
			baseConfigurationReference = 7D77371CBD95903D7D673D80 /* Pods-MyPersonalBookShelf.release.xcconfig */;
			buildSettings = {
				ASSETCATALOG_COMPILER_APPICON_NAME = AppIcon;
				CODE_SIGN_STYLE = Automatic;
				DEVELOPMENT_TEAM = N9Q6EAW4GG;
				INFOPLIST_FILE = MyPersonalBookShelf/Info.plist;
				IPHONEOS_DEPLOYMENT_TARGET = 10.3;
				LD_RUNPATH_SEARCH_PATHS = "$(inherited) @executable_path/Frameworks";
				PRODUCT_BUNDLE_IDENTIFIER = com.FYP.MyPersonalBookShelf;
				PRODUCT_NAME = "$(TARGET_NAME)";
				SWIFT_VERSION = 4.0;
				TARGETED_DEVICE_FAMILY = "1,2";
			};
			name = Release;
		};
		3A6A503F20038F920041DA8A /* Debug */ = {
			isa = XCBuildConfiguration;
			baseConfigurationReference = 0C754AACADFDCE61F4A2EDBB /* Pods-MyPersonalBookShelfTests.debug.xcconfig */;
			buildSettings = {
				ALWAYS_EMBED_SWIFT_STANDARD_LIBRARIES = YES;
				BUNDLE_LOADER = "$(TEST_HOST)";
				CODE_SIGN_STYLE = Automatic;
				INFOPLIST_FILE = MyPersonalBookShelfTests/Info.plist;
				LD_RUNPATH_SEARCH_PATHS = "$(inherited) @executable_path/Frameworks @loader_path/Frameworks";
				PRODUCT_BUNDLE_IDENTIFIER = com.FYP.MyPersonalBookShelfTests;
				PRODUCT_NAME = "$(TARGET_NAME)";
				SWIFT_VERSION = 4.0;
				TARGETED_DEVICE_FAMILY = "1,2";
				TEST_HOST = "$(BUILT_PRODUCTS_DIR)/MyPersonalBookShelf.app/MyPersonalBookShelf";
			};
			name = Debug;
		};
		3A6A504020038F920041DA8A /* Release */ = {
			isa = XCBuildConfiguration;
			baseConfigurationReference = 1BAF54D277FAD42C4735AB47 /* Pods-MyPersonalBookShelfTests.release.xcconfig */;
			buildSettings = {
				ALWAYS_EMBED_SWIFT_STANDARD_LIBRARIES = YES;
				BUNDLE_LOADER = "$(TEST_HOST)";
				CODE_SIGN_STYLE = Automatic;
				INFOPLIST_FILE = MyPersonalBookShelfTests/Info.plist;
				LD_RUNPATH_SEARCH_PATHS = "$(inherited) @executable_path/Frameworks @loader_path/Frameworks";
				PRODUCT_BUNDLE_IDENTIFIER = com.FYP.MyPersonalBookShelfTests;
				PRODUCT_NAME = "$(TARGET_NAME)";
				SWIFT_VERSION = 4.0;
				TARGETED_DEVICE_FAMILY = "1,2";
				TEST_HOST = "$(BUILT_PRODUCTS_DIR)/MyPersonalBookShelf.app/MyPersonalBookShelf";
			};
			name = Release;
		};
/* End XCBuildConfiguration section */

/* Begin XCConfigurationList section */
		3A6A501920038F920041DA8A /* Build configuration list for PBXProject "MyPersonalBookShelf" */ = {
			isa = XCConfigurationList;
			buildConfigurations = (
				3A6A503920038F920041DA8A /* Debug */,
				3A6A503A20038F920041DA8A /* Release */,
			);
			defaultConfigurationIsVisible = 0;
			defaultConfigurationName = Release;
		};
		3A6A503B20038F920041DA8A /* Build configuration list for PBXNativeTarget "MyPersonalBookShelf" */ = {
			isa = XCConfigurationList;
			buildConfigurations = (
				3A6A503C20038F920041DA8A /* Debug */,
				3A6A503D20038F920041DA8A /* Release */,
			);
			defaultConfigurationIsVisible = 0;
			defaultConfigurationName = Release;
		};
		3A6A503E20038F920041DA8A /* Build configuration list for PBXNativeTarget "MyPersonalBookShelfTests" */ = {
			isa = XCConfigurationList;
			buildConfigurations = (
				3A6A503F20038F920041DA8A /* Debug */,
				3A6A504020038F920041DA8A /* Release */,
			);
			defaultConfigurationIsVisible = 0;
			defaultConfigurationName = Release;
		};
/* End XCConfigurationList section */
	};
	rootObject = 3A6A501620038F920041DA8A /* Project object */;
}
